
Microsoft Visual Studio Solution File, Format Version 12.00
# Visual Studio 15
VisualStudioVersion = 15.0.26124.0
MinimumVisualStudioVersion = 15.0.26124.0
Project("{FAE04EC0-301F-11D3-BF4B-00C04F79EFBC}") = "LibDocumentSync", "LibDocumentSync\LibDocumentSync.csproj", "{19E2B8D9-31C1-4DBB-9990-6659AF5075FC}"
EndProject
Project("{FAE04EC0-301F-11D3-BF4B-00C04F79EFBC}") = "DocumentSync", "DocumentSync\DocumentSync.csproj", "{A2FC5691-9F37-4F73-82F4-8D16DFBE8179}"
EndProject
Global
	GlobalSection(SolutionConfigurationPlatforms) = preSolution
		Debug|Any CPU = Debug|Any CPU
		Debug|x64 = Debug|x64
		Debug|x86 = Debug|x86
		Release|Any CPU = Release|Any CPU
		Release|x64 = Release|x64
		Release|x86 = Release|x86
	EndGlobalSection
	GlobalSection(SolutionProperties) = preSolution
		HideSolutionNode = FALSE
	EndGlobalSection
	GlobalSection(ProjectConfigurationPlatforms) = postSolution
		{19E2B8D9-31C1-4DBB-9990-6659AF5075FC}.Debug|Any CPU.ActiveCfg = Debug|Any CPU
		{19E2B8D9-31C1-4DBB-9990-6659AF5075FC}.Debug|Any CPU.Build.0 = Debug|Any CPU
		{19E2B8D9-31C1-4DBB-9990-6659AF5075FC}.Debug|x64.ActiveCfg = Debug|Any CPU
		{19E2B8D9-31C1-4DBB-9990-6659AF5075FC}.Debug|x64.Build.0 = Debug|Any CPU
		{19E2B8D9-31C1-4DBB-9990-6659AF5075FC}.Debug|x86.ActiveCfg = Debug|Any CPU
		{19E2B8D9-31C1-4DBB-9990-6659AF5075FC}.Debug|x86.Build.0 = Debug|Any CPU
		{19E2B8D9-31C1-4DBB-9990-6659AF5075FC}.Release|Any CPU.ActiveCfg = Release|Any CPU
		{19E2B8D9-31C1-4DBB-9990-6659AF5075FC}.Release|Any CPU.Build.0 = Release|Any CPU
		{19E2B8D9-31C1-4DBB-9990-6659AF5075FC}.Release|x64.ActiveCfg = Release|Any CPU
		{19E2B8D9-31C1-4DBB-9990-6659AF5075FC}.Release|x64.Build.0 = Release|Any CPU
		{19E2B8D9-31C1-4DBB-9990-6659AF5075FC}.Release|x86.ActiveCfg = Release|Any CPU
		{19E2B8D9-31C1-4DBB-9990-6659AF5075FC}.Release|x86.Build.0 = Release|Any CPU
		{A2FC5691-9F37-4F73-82F4-8D16DFBE8179}.Debug|Any CPU.ActiveCfg = Debug|Any CPU
		{A2FC5691-9F37-4F73-82F4-8D16DFBE8179}.Debug|Any CPU.Build.0 = Debug|Any CPU
		{A2FC5691-9F37-4F73-82F4-8D16DFBE8179}.Debug|x64.ActiveCfg = Debug|Any CPU
		{A2FC5691-9F37-4F73-82F4-8D16DFBE8179}.Debug|x64.Build.0 = Debug|Any CPU
		{A2FC5691-9F37-4F73-82F4-8D16DFBE8179}.Debug|x86.ActiveCfg = Debug|Any CPU
		{A2FC5691-9F37-4F73-82F4-8D16DFBE8179}.Debug|x86.Build.0 = Debug|Any CPU
		{A2FC5691-9F37-4F73-82F4-8D16DFBE8179}.Release|Any CPU.ActiveCfg = Release|Any CPU
		{A2FC5691-9F37-4F73-82F4-8D16DFBE8179}.Release|Any CPU.Build.0 = Release|Any CPU
		{A2FC5691-9F37-4F73-82F4-8D16DFBE8179}.Release|x64.ActiveCfg = Release|Any CPU
		{A2FC5691-9F37-4F73-82F4-8D16DFBE8179}.Release|x64.Build.0 = Release|Any CPU
		{A2FC5691-9F37-4F73-82F4-8D16DFBE8179}.Release|x86.ActiveCfg = Release|Any CPU
		{A2FC5691-9F37-4F73-82F4-8D16DFBE8179}.Release|x86.Build.0 = Release|Any CPU
	EndGlobalSection
EndGlobal
